
Microsoft Visual Studio Solution File, Format Version 12.00
# Visual Studio Version 17
VisualStudioVersion = 17.1.32210.238
MinimumVisualStudioVersion = 10.0.40219.1
Project("{9A19103F-16F7-4668-BE54-9A1E7A4F7556}") = "Com.Okmer.BasicImage", "Com.Okmer.BasicImage\Com.Okmer.BasicImage.csproj", "{DBEFB3EB-8160-4C9B-AA89-856F2EA33D3E}"
EndProject
Project("{9A19103F-16F7-4668-BE54-9A1E7A4F7556}") = "Com.Okmer.BasicImage.WPF", "Com.Okmer.BasicImage.WPF\Com.Okmer.BasicImage.WPF.csproj", "{F117CEB6-5D56-46E1-AA34-EEED9E8E1C22}"
EndProject
Project("{2150E333-8FDC-42A3-9474-1A3956D46DE8}") = "Solution Items", "Solution Items", "{8CB4A5A9-7016-42E0-830E-7C2720C41534}"
	ProjectSection(SolutionItems) = preProject
		..\LICENSE = ..\LICENSE
		..\README.md = ..\README.md
	EndProjectSection
EndProject
Project("{9A19103F-16F7-4668-BE54-9A1E7A4F7556}") = "Com.Okmer.BasicImageTests", "Com.Okmer.BasicImageTests\Com.Okmer.BasicImageTests.csproj", "{A555AD9D-6823-4ED6-ACF2-660043B6E1F0}"
EndProject
Project("{2150E333-8FDC-42A3-9474-1A3956D46DE8}") = "Tests", "Tests", "{1FADBE59-4171-4666-9B00-E605C7C291CF}"
EndProject
Project("{9A19103F-16F7-4668-BE54-9A1E7A4F7556}") = "Com.Okmer.BasicImage.WinForms", "Com.Okmer.BasicImage.WinForms\Com.Okmer.BasicImage.WinForms.csproj", "{5AEEEC90-390D-4B52-B512-3A25E6487FE5}"
EndProject
Project("{9A19103F-16F7-4668-BE54-9A1E7A4F7556}") = "Com.Okmer.BasicImage.Convolution", "Com.Okmer.BasicImage.Convolution\Com.Okmer.BasicImage.Convolution.csproj", "{7D6A4EB5-6D84-46DD-9916-A34DC5A536FC}"
EndProject
Project("{FAE04EC0-301F-11D3-BF4B-00C04F79EFBC}") = "Com.Okmer.BasicImage.Processing", "Com.Okmer.BasicImage.Processing\Com.Okmer.BasicImage.Processing.csproj", "{FB5F8B6D-8410-4BC7-8925-7B81BCDB0A6B}"
EndProject
Project("{FAE04EC0-301F-11D3-BF4B-00C04F79EFBC}") = "Com.Okmer.BaseImage.SampleApp", "Com.Okmer.BaseImage.SampleApp\Com.Okmer.BaseImage.SampleApp.csproj", "{868C3A18-EDC1-435A-814E-F3A7D544E8BF}"
EndProject
Global
	GlobalSection(SolutionConfigurationPlatforms) = preSolution
		Debug|Any CPU = Debug|Any CPU
		Release|Any CPU = Release|Any CPU
	EndGlobalSection
	GlobalSection(ProjectConfigurationPlatforms) = postSolution
		{DBEFB3EB-8160-4C9B-AA89-856F2EA33D3E}.Debug|Any CPU.ActiveCfg = Debug|Any CPU
		{DBEFB3EB-8160-4C9B-AA89-856F2EA33D3E}.Debug|Any CPU.Build.0 = Debug|Any CPU
		{DBEFB3EB-8160-4C9B-AA89-856F2EA33D3E}.Release|Any CPU.ActiveCfg = Release|Any CPU
		{DBEFB3EB-8160-4C9B-AA89-856F2EA33D3E}.Release|Any CPU.Build.0 = Release|Any CPU
		{F117CEB6-5D56-46E1-AA34-EEED9E8E1C22}.Debug|Any CPU.ActiveCfg = Debug|Any CPU
		{F117CEB6-5D56-46E1-AA34-EEED9E8E1C22}.Debug|Any CPU.Build.0 = Debug|Any CPU
		{F117CEB6-5D56-46E1-AA34-EEED9E8E1C22}.Release|Any CPU.ActiveCfg = Release|Any CPU
		{F117CEB6-5D56-46E1-AA34-EEED9E8E1C22}.Release|Any CPU.Build.0 = Release|Any CPU
		{A555AD9D-6823-4ED6-ACF2-660043B6E1F0}.Debug|Any CPU.ActiveCfg = Debug|Any CPU
		{A555AD9D-6823-4ED6-ACF2-660043B6E1F0}.Debug|Any CPU.Build.0 = Debug|Any CPU
		{A555AD9D-6823-4ED6-ACF2-660043B6E1F0}.Release|Any CPU.ActiveCfg = Release|Any CPU
		{A555AD9D-6823-4ED6-ACF2-660043B6E1F0}.Release|Any CPU.Build.0 = Release|Any CPU
		{5AEEEC90-390D-4B52-B512-3A25E6487FE5}.Debug|Any CPU.ActiveCfg = Debug|Any CPU
		{5AEEEC90-390D-4B52-B512-3A25E6487FE5}.Debug|Any CPU.Build.0 = Debug|Any CPU
		{5AEEEC90-390D-4B52-B512-3A25E6487FE5}.Release|Any CPU.ActiveCfg = Release|Any CPU
		{5AEEEC90-390D-4B52-B512-3A25E6487FE5}.Release|Any CPU.Build.0 = Release|Any CPU
		{7D6A4EB5-6D84-46DD-9916-A34DC5A536FC}.Debug|Any CPU.ActiveCfg = Debug|Any CPU
		{7D6A4EB5-6D84-46DD-9916-A34DC5A536FC}.Debug|Any CPU.Build.0 = Debug|Any CPU
		{7D6A4EB5-6D84-46DD-9916-A34DC5A536FC}.Release|Any CPU.ActiveCfg = Release|Any CPU
		{7D6A4EB5-6D84-46DD-9916-A34DC5A536FC}.Release|Any CPU.Build.0 = Release|Any CPU
		{FB5F8B6D-8410-4BC7-8925-7B81BCDB0A6B}.Debug|Any CPU.ActiveCfg = Debug|Any CPU
		{FB5F8B6D-8410-4BC7-8925-7B81BCDB0A6B}.Debug|Any CPU.Build.0 = Debug|Any CPU
		{FB5F8B6D-8410-4BC7-8925-7B81BCDB0A6B}.Release|Any CPU.ActiveCfg = Release|Any CPU
		{FB5F8B6D-8410-4BC7-8925-7B81BCDB0A6B}.Release|Any CPU.Build.0 = Release|Any CPU
		{868C3A18-EDC1-435A-814E-F3A7D544E8BF}.Debug|Any CPU.ActiveCfg = Debug|Any CPU
		{868C3A18-EDC1-435A-814E-F3A7D544E8BF}.Debug|Any CPU.Build.0 = Debug|Any CPU
		{868C3A18-EDC1-435A-814E-F3A7D544E8BF}.Release|Any CPU.ActiveCfg = Release|Any CPU
		{868C3A18-EDC1-435A-814E-F3A7D544E8BF}.Release|Any CPU.Build.0 = Release|Any CPU
	EndGlobalSection
	GlobalSection(SolutionProperties) = preSolution
		HideSolutionNode = FALSE
	EndGlobalSection
	GlobalSection(NestedProjects) = preSolution
		{A555AD9D-6823-4ED6-ACF2-660043B6E1F0} = {1FADBE59-4171-4666-9B00-E605C7C291CF}
	EndGlobalSection
	GlobalSection(ExtensibilityGlobals) = postSolution
		SolutionGuid = {AD540E72-AFCE-422C-ADF4-34396E83A0B0}
	EndGlobalSection
EndGlobal
